
Microsoft Visual Studio Solution File, Format Version 12.00
# Visual Studio Version 17
VisualStudioVersion = 17.0.31919.166
MinimumVisualStudioVersion = 10.0.40219.1
Project("{FAE04EC0-301F-11D3-BF4B-00C04F79EFBC}") = "TestePOO", "TestePOO.csproj", "{99B20921-BEC2-4768-BE31-5DD202F3F6EA}"
EndProject
Global
	GlobalSection(SolutionConfigurationPlatforms) = preSolution
		Debug|Any CPU = Debug|Any CPU
		Release|Any CPU = Release|Any CPU
	EndGlobalSection
	GlobalSection(ProjectConfigurationPlatforms) = postSolution
		{99B20921-BEC2-4768-BE31-5DD202F3F6EA}.Debug|Any CPU.ActiveCfg = Debug|Any CPU
		{99B20921-BEC2-4768-BE31-5DD202F3F6EA}.Debug|Any CPU.Build.0 = Debug|Any CPU
		{99B20921-BEC2-4768-BE31-5DD202F3F6EA}.Release|Any CPU.ActiveCfg = Release|Any CPU
		{99B20921-BEC2-4768-BE31-5DD202F3F6EA}.Release|Any CPU.Build.0 = Release|Any CPU
	EndGlobalSection
	GlobalSection(SolutionProperties) = preSolution
		HideSolutionNode = FALSE
	EndGlobalSection
	GlobalSection(ExtensibilityGlobals) = postSolution
		SolutionGuid = {EFED3D35-AE09-465A-A8B7-23605EA5395A}
	EndGlobalSection
EndGlobal
